
Microsoft Visual Studio Solution File, Format Version 12.00
# Visual Studio 15
VisualStudioVersion = 15.0.28307.329
MinimumVisualStudioVersion = 10.0.40219.1
Project("{9A19103F-16F7-4668-BE54-9A1E7A4F7556}") = "Serilog.Sinks.RollingFileSizeLimit", "Serilog.Sinks.RollingFileSizeLimit\Serilog.Sinks.RollingFileSizeLimit.csproj", "{16A8E732-8955-4DAA-A9F7-43A1877CBB74}"
EndProject
Project("{9A19103F-16F7-4668-BE54-9A1E7A4F7556}") = "Serilog.Sinks.RollingFileSizeLimit.UnitTests", "Serilog.Sinks.RollingFileSizeLimit.UnitTests\Serilog.Sinks.RollingFileSizeLimit.UnitTests.csproj", "{F542B876-1B33-4881-BB33-3CE02798EC62}"
EndProject
Global
	GlobalSection(SolutionConfigurationPlatforms) = preSolution
		Debug|Any CPU = Debug|Any CPU
		Release|Any CPU = Release|Any CPU
	EndGlobalSection
	GlobalSection(ProjectConfigurationPlatforms) = postSolution
		{16A8E732-8955-4DAA-A9F7-43A1877CBB74}.Debug|Any CPU.ActiveCfg = Debug|Any CPU
		{16A8E732-8955-4DAA-A9F7-43A1877CBB74}.Debug|Any CPU.Build.0 = Debug|Any CPU
		{16A8E732-8955-4DAA-A9F7-43A1877CBB74}.Release|Any CPU.ActiveCfg = Release|Any CPU
		{16A8E732-8955-4DAA-A9F7-43A1877CBB74}.Release|Any CPU.Build.0 = Release|Any CPU
		{F542B876-1B33-4881-BB33-3CE02798EC62}.Debug|Any CPU.ActiveCfg = Debug|Any CPU
		{F542B876-1B33-4881-BB33-3CE02798EC62}.Debug|Any CPU.Build.0 = Debug|Any CPU
		{F542B876-1B33-4881-BB33-3CE02798EC62}.Release|Any CPU.ActiveCfg = Release|Any CPU
		{F542B876-1B33-4881-BB33-3CE02798EC62}.Release|Any CPU.Build.0 = Release|Any CPU
	EndGlobalSection
	GlobalSection(SolutionProperties) = preSolution
		HideSolutionNode = FALSE
	EndGlobalSection
	GlobalSection(ExtensibilityGlobals) = postSolution
		SolutionGuid = {4DD0DF12-B460-4589-8588-C1E5170BA4D1}
	EndGlobalSection
EndGlobal
